
Microsoft Visual Studio Solution File, Format Version 12.00
# Visual Studio Version 17
VisualStudioVersion = 17.2.32516.85
MinimumVisualStudioVersion = 10.0.40219.1
Project("{888888A0-9F3D-457C-B088-3A5042F75D52}") = "Mad_Libs", "Mad_Libs\Mad_Libs.pyproj", "{08086907-F2C6-4FA0-AE3A-287D5DA0AF06}"
EndProject
Global
	GlobalSection(SolutionConfigurationPlatforms) = preSolution
		Debug|Any CPU = Debug|Any CPU
		Release|Any CPU = Release|Any CPU
	EndGlobalSection
	GlobalSection(ProjectConfigurationPlatforms) = postSolution
		{08086907-F2C6-4FA0-AE3A-287D5DA0AF06}.Debug|Any CPU.ActiveCfg = Debug|Any CPU
		{08086907-F2C6-4FA0-AE3A-287D5DA0AF06}.Release|Any CPU.ActiveCfg = Release|Any CPU
	EndGlobalSection
	GlobalSection(SolutionProperties) = preSolution
		HideSolutionNode = FALSE
	EndGlobalSection
	GlobalSection(ExtensibilityGlobals) = postSolution
		SolutionGuid = {4B4F9E25-E0A5-4408-9FEC-57D203F0DDBF}
	EndGlobalSection
EndGlobal
